// !$*UTF8*$!
{
	archiveVersion = 1;
	classes = {
	};
	objectVersion = 46;
	objects = {

/* Begin PBXBuildFile section */
		29368E061B825AFC0010FFCF /* AppDelegate.swift in Sources */ = {isa = PBXBuildFile; fileRef = 29368E051B825AFC0010FFCF /* AppDelegate.swift */; };
		29368E081B825AFC0010FFCF /* ViewController.swift in Sources */ = {isa = PBXBuildFile; fileRef = 29368E071B825AFC0010FFCF /* ViewController.swift */; };
		29368E0B1B825AFC0010FFCF /* Main.storyboard in Resources */ = {isa = PBXBuildFile; fileRef = 29368E091B825AFC0010FFCF /* Main.storyboard */; };
		29368E0D1B825AFC0010FFCF /* Images.xcassets in Resources */ = {isa = PBXBuildFile; fileRef = 29368E0C1B825AFC0010FFCF /* Images.xcassets */; };
		29368E101B825AFC0010FFCF /* LaunchScreen.xib in Resources */ = {isa = PBXBuildFile; fileRef = 29368E0E1B825AFC0010FFCF /* LaunchScreen.xib */; };
		29368E1C1B825AFD0010FFCF /* DoReMiTests.swift in Sources */ = {isa = PBXBuildFile; fileRef = 29368E1B1B825AFD0010FFCF /* DoReMiTests.swift */; };
/* End PBXBuildFile section */

/* Begin PBXContainerItemProxy section */
		29368E161B825AFD0010FFCF /* PBXContainerItemProxy */ = {
			isa = PBXContainerItemProxy;
			containerPortal = 29368DF81B825AFC0010FFCF /* Project object */;
			proxyType = 1;
			remoteGlobalIDString = 29368DFF1B825AFC0010FFCF;
			remoteInfo = DoReMi;
		};
/* End PBXContainerItemProxy section */

/* Begin PBXFileReference section */
		29368E001B825AFC0010FFCF /* DoReMi.app */ = {isa = PBXFileReference; explicitFileType = wrapper.application; includeInIndex = 0; path = DoReMi.app; sourceTree = BUILT_PRODUCTS_DIR; };
		29368E041B825AFC0010FFCF /* Info.plist */ = {isa = PBXFileReference; lastKnownFileType = text.plist.xml; path = Info.plist; sourceTree = "<group>"; };
		29368E051B825AFC0010FFCF /* AppDelegate.swift */ = {isa = PBXFileReference; lastKnownFileType = sourcecode.swift; path = AppDelegate.swift; sourceTree = "<group>"; };
		29368E071B825AFC0010FFCF /* ViewController.swift */ = {isa = PBXFileReference; lastKnownFileType = sourcecode.swift; path = ViewController.swift; sourceTree = "<group>"; };
		29368E0A1B825AFC0010FFCF /* Base */ = {isa = PBXFileReference; lastKnownFileType = file.storyboard; name = Base; path = Base.lproj/Main.storyboard; sourceTree = "<group>"; };
		29368E0C1B825AFC0010FFCF /* Images.xcassets */ = {isa = PBXFileReference; lastKnownFileType = folder.assetcatalog; path = Images.xcassets; sourceTree = "<group>"; };
		29368E0F1B825AFC0010FFCF /* Base */ = {isa = PBXFileReference; lastKnownFileType = file.xib; name = Base; path = Base.lproj/LaunchScreen.xib; sourceTree = "<group>"; };
		29368E151B825AFD0010FFCF /* DoReMiTests.xctest */ = {isa = PBXFileReference; explicitFileType = wrapper.cfbundle; includeInIndex = 0; path = DoReMiTests.xctest; sourceTree = BUILT_PRODUCTS_DIR; };
		29368E1A1B825AFD0010FFCF /* Info.plist */ = {isa = PBXFileReference; lastKnownFileType = text.plist.xml; path = Info.plist; sourceTree = "<group>"; };
		29368E1B1B825AFD0010FFCF /* DoReMiTests.swift */ = {isa = PBXFileReference; lastKnownFileType = sourcecode.swift; path = DoReMiTests.swift; sourceTree = "<group>"; };
/* End PBXFileReference section */

/* Begin PBXFrameworksBuildPhase section */
		29368DFD1B825AFC0010FFCF /* Frameworks */ = {
			isa = PBXFrameworksBuildPhase;
			buildActionMask = 2147483647;
			files = (
			);
			runOnlyForDeploymentPostprocessing = 0;
		};
		29368E121B825AFD0010FFCF /* Frameworks */ = {
			isa = PBXFrameworksBuildPhase;
			buildActionMask = 2147483647;
			files = (
			);
			runOnlyForDeploymentPostprocessing = 0;
		};
/* End PBXFrameworksBuildPhase section */

/* Begin PBXGroup section */
		29368DF71B825AFC0010FFCF = {
			isa = PBXGroup;
			children = (
				29368E021B825AFC0010FFCF /* DoReMi */,
				29368E181B825AFD0010FFCF /* DoReMiTests */,
				29368E011B825AFC0010FFCF /* Products */,
			);
			sourceTree = "<group>";
		};
		29368E011B825AFC0010FFCF /* Products */ = {
			isa = PBXGroup;
			children = (
				29368E001B825AFC0010FFCF /* DoReMi.app */,
				29368E151B825AFD0010FFCF /* DoReMiTests.xctest */,
			);
			name = Products;
			sourceTree = "<group>";
		};
		29368E021B825AFC0010FFCF /* DoReMi */ = {
			isa = PBXGroup;
			children = (
				29368E051B825AFC0010FFCF /* AppDelegate.swift */,
				29368E071B825AFC0010FFCF /* ViewController.swift */,
				29368E091B825AFC0010FFCF /* Main.storyboard */,
				29368E0C1B825AFC0010FFCF /* Images.xcassets */,
				29368E0E1B825AFC0010FFCF /* LaunchScreen.xib */,
				29368E031B825AFC0010FFCF /* Supporting Files */,
			);
			path = DoReMi;
			sourceTree = "<group>";
		};
		29368E031B825AFC0010FFCF /* Supporting Files */ = {
			isa = PBXGroup;
			children = (
				29368E041B825AFC0010FFCF /* Info.plist */,
			);
			name = "Supporting Files";
			sourceTree = "<group>";
		};
		29368E181B825AFD0010FFCF /* DoReMiTests */ = {
			isa = PBXGroup;
			children = (
				29368E1B1B825AFD0010FFCF /* DoReMiTests.swift */,
				29368E191B825AFD0010FFCF /* Supporting Files */,
			);
			path = DoReMiTests;
			sourceTree = "<group>";
		};
		29368E191B825AFD0010FFCF /* Supporting Files */ = {
			isa = PBXGroup;
			children = (
				29368E1A1B825AFD0010FFCF /* Info.plist */,
			);
			name = "Supporting Files";
			sourceTree = "<group>";
		};
/* End PBXGroup section */

/* Begin PBXNativeTarget section */
		29368DFF1B825AFC0010FFCF /* DoReMi */ = {
			isa = PBXNativeTarget;
			buildConfigurationList = 29368E1F1B825AFD0010FFCF /* Build configuration list for PBXNativeTarget "DoReMi" */;
			buildPhases = (
				29368DFC1B825AFC0010FFCF /* Sources */,
				29368DFD1B825AFC0010FFCF /* Frameworks */,
				29368DFE1B825AFC0010FFCF /* Resources */,
			);
			buildRules = (
			);
			dependencies = (
			);
			name = DoReMi;
			productName = DoReMi;
			productReference = 29368E001B825AFC0010FFCF /* DoReMi.app */;
			productType = "com.apple.product-type.application";
		};
		29368E141B825AFD0010FFCF /* DoReMiTests */ = {
			isa = PBXNativeTarget;
			buildConfigurationList = 29368E221B825AFD0010FFCF /* Build configuration list for PBXNativeTarget "DoReMiTests" */;
			buildPhases = (
				29368E111B825AFD0010FFCF /* Sources */,
				29368E121B825AFD0010FFCF /* Frameworks */,
				29368E131B825AFD0010FFCF /* Resources */,
			);
			buildRules = (
			);
			dependencies = (
				29368E171B825AFD0010FFCF /* PBXTargetDependency */,
			);
			name = DoReMiTests;
			productName = DoReMiTests;
			productReference = 29368E151B825AFD0010FFCF /* DoReMiTests.xctest */;
			productType = "com.apple.product-type.bundle.unit-test";
		};
/* End PBXNativeTarget section */

/* Begin PBXProject section */
		29368DF81B825AFC0010FFCF /* Project object */ = {
			isa = PBXProject;
			attributes = {
				LastUpgradeCheck = 0640;
				ORGANIZATIONNAME = schifano;
				TargetAttributes = {
					29368DFF1B825AFC0010FFCF = {
						CreatedOnToolsVersion = 6.4;
					};
					29368E141B825AFD0010FFCF = {
						CreatedOnToolsVersion = 6.4;
						TestTargetID = 29368DFF1B825AFC0010FFCF;
					};
				};
			};
			buildConfigurationList = 29368DFB1B825AFC0010FFCF /* Build configuration list for PBXProject "DoReMi" */;
			compatibilityVersion = "Xcode 3.2";
			developmentRegion = English;
			hasScannedForEncodings = 0;
			knownRegions = (
				en,
				Base,
			);
			mainGroup = 29368DF71B825AFC0010FFCF;
			productRefGroup = 29368E011B825AFC0010FFCF /* Products */;
			projectDirPath = "";
			projectRoot = "";
			targets = (
				29368DFF1B825AFC0010FFCF /* DoReMi */,
				29368E141B825AFD0010FFCF /* DoReMiTests */,
			);
		};
/* End PBXProject section */

/* Begin PBXResourcesBuildPhase section */
		29368DFE1B825AFC0010FFCF /* Resources */ = {
			isa = PBXResourcesBuildPhase;
			buildActionMask = 2147483647;
			files = (
				29368E0B1B825AFC0010FFCF /* Main.storyboard in Resources */,
				29368E101B825AFC0010FFCF /* LaunchScreen.xib in Resources */,
				29368E0D1B825AFC0010FFCF /* Images.xcassets in Resources */,
			);
			runOnlyForDeploymentPostprocessing = 0;
		};
		29368E131B825AFD0010FFCF /* Resources */ = {
			isa = PBXResourcesBuildPhase;
			buildActionMask = 2147483647;
			files = (
			);
			runOnlyForDeploymentPostprocessing = 0;
		};
/* End PBXResourcesBuildPhase section */

/* Begin PBXSourcesBuildPhase section */
		29368DFC1B825AFC0010FFCF /* Sources */ = {
			isa = PBXSourcesBuildPhase;
			buildActionMask = 2147483647;
			files = (
				29368E081B825AFC0010FFCF /* ViewController.swift in Sources */,
				29368E061B825AFC0010FFCF /* AppDelegate.swift in Sources */,
			);
			runOnlyForDeploymentPostprocessing = 0;
		};
		29368E111B825AFD0010FFCF /* Sources */ = {
			isa = PBXSourcesBuildPhase;
			buildActionMask = 2147483647;
			files = (
				29368E1C1B825AFD0010FFCF /* DoReMiTests.swift in Sources */,
			);
			runOnlyForDeploymentPostprocessing = 0;
		};
/* End PBXSourcesBuildPhase section */

/* Begin PBXTargetDependency section */
		29368E171B825AFD0010FFCF /* PBXTargetDependency */ = {
			isa = PBXTargetDependency;
			target = 29368DFF1B825AFC0010FFCF /* DoReMi */;
			targetProxy = 29368E161B825AFD0010FFCF /* PBXContainerItemProxy */;
		};
/* End PBXTargetDependency section */

/* Begin PBXVariantGroup section */
		29368E091B825AFC0010FFCF /* Main.storyboard */ = {
			isa = PBXVariantGroup;
			children = (
				29368E0A1B825AFC0010FFCF /* Base */,
			);
			name = Main.storyboard;
			sourceTree = "<group>";
		};
		29368E0E1B825AFC0010FFCF /* LaunchScreen.xib */ = {
			isa = PBXVariantGroup;
			children = (
				29368E0F1B825AFC0010FFCF /* Base */,
			);
			name = LaunchScreen.xib;
			sourceTree = "<group>";
		};
/* End PBXVariantGroup section */

/* Begin XCBuildConfiguration section */
		29368E1D1B825AFD0010FFCF /* Debug */ = {
			isa = XCBuildConfiguration;
			buildSettings = {
				ALWAYS_SEARCH_USER_PATHS = NO;
				CLANG_CXX_LANGUAGE_STANDARD = "gnu++0x";
				CLANG_CXX_LIBRARY = "libc++";
				CLANG_ENABLE_MODULES = YES;
				CLANG_ENABLE_OBJC_ARC = YES;
				CLANG_WARN_BOOL_CONVERSION = YES;
				CLANG_WARN_CONSTANT_CONVERSION = YES;
				CLANG_WARN_DIRECT_OBJC_ISA_USAGE = YES_ERROR;
				CLANG_WARN_EMPTY_BODY = YES;
				CLANG_WARN_ENUM_CONVERSION = YES;
				CLANG_WARN_INT_CONVERSION = YES;
				CLANG_WARN_OBJC_ROOT_CLASS = YES_ERROR;
				CLANG_WARN_UNREACHABLE_CODE = YES;
				CLANG_WARN__DUPLICATE_METHOD_MATCH = YES;
				"CODE_SIGN_IDENTITY[sdk=iphoneos*]" = "iPhone Developer";
				COPY_PHASE_STRIP = NO;
				DEBUG_INFORMATION_FORMAT = "dwarf-with-dsym";
				ENABLE_STRICT_OBJC_MSGSEND = YES;
				GCC_C_LANGUAGE_STANDARD = gnu99;
				GCC_DYNAMIC_NO_PIC = NO;
				GCC_NO_COMMON_BLOCKS = YES;
				GCC_OPTIMIZATION_LEVEL = 0;
				GCC_PREPROCESSOR_DEFINITIONS = (
					"DEBUG=1",
					"$(inherited)",
				);
				GCC_SYMBOLS_PRIVATE_EXTERN = NO;
				GCC_WARN_64_TO_32_BIT_CONVERSION = YES;
				GCC_WARN_ABOUT_RETURN_TYPE = YES_ERROR;
				GCC_WARN_UNDECLARED_SELECTOR = YES;
				GCC_WARN_UNINITIALIZED_AUTOS = YES_AGGRESSIVE;
				GCC_WARN_UNUSED_FUNCTION = YES;
				GCC_WARN_UNUSED_VARIABLE = YES;
				IPHONEOS_DEPLOYMENT_TARGET = 8.4;
				MTL_ENABLE_DEBUG_INFO = YES;
				ONLY_ACTIVE_ARCH = YES;
				SDKROOT = iphoneos;
				SWIFT_OPTIMIZATION_LEVEL = "-Onone";
			};
			name = Debug;
		};
		29368E1E1B825AFD0010FFCF /* Release */ = {
			isa = XCBuildConfiguration;
			buildSettings = {
				ALWAYS_SEARCH_USER_PATHS = NO;
				CLANG_CXX_LANGUAGE_STANDARD = "gnu++0x";
				CLANG_CXX_LIBRARY = "libc++";
				CLANG_ENABLE_MODULES = YES;
				CLANG_ENABLE_OBJC_ARC = YES;
				CLANG_WARN_BOOL_CONVERSION = YES;
				CLANG_WARN_CONSTANT_CONVERSION = YES;
				CLANG_WARN_DIRECT_OBJC_ISA_USAGE = YES_ERROR;
				CLANG_WARN_EMPTY_BODY = YES;
				CLANG_WARN_ENUM_CONVERSION = YES;
				CLANG_WARN_INT_CONVERSION = YES;
				CLANG_WARN_OBJC_ROOT_CLASS = YES_ERROR;
				CLANG_WARN_UNREACHABLE_CODE = YES;
				CLANG_WARN__DUPLICATE_METHOD_MATCH = YES;
				"CODE_SIGN_IDENTITY[sdk=iphoneos*]" = "iPhone Developer";
				COPY_PHASE_STRIP = NO;
				DEBUG_INFORMATION_FORMAT = "dwarf-with-dsym";
				ENABLE_NS_ASSERTIONS = NO;
				ENABLE_STRICT_OBJC_MSGSEND = YES;
				GCC_C_LANGUAGE_STANDARD = gnu99;
				GCC_NO_COMMON_BLOCKS = YES;
				GCC_WARN_64_TO_32_BIT_CONVERSION = YES;
				GCC_WARN_ABOUT_RETURN_TYPE = YES_ERROR;
				GCC_WARN_UNDECLARED_SELECTOR = YES;
				GCC_WARN_UNINITIALIZED_AUTOS = YES_AGGRESSIVE;
				GCC_WARN_UNUSED_FUNCTION = YES;
				GCC_WARN_UNUSED_VARIABLE = YES;
				IPHONEOS_DEPLOYMENT_TARGET = 8.4;
				MTL_ENABLE_DEBUG_INFO = NO;
				SDKROOT = iphoneos;
				VALIDATE_PRODUCT = YES;
			};
			name = Release;
		};
		29368E201B825AFD0010FFCF /* Debug */ = {
			isa = XCBuildConfiguration;
			buildSettings = {
				ASSETCATALOG_COMPILER_APPICON_NAME = AppIcon;
				INFOPLIST_FILE = DoReMi/Info.plist;
				LD_RUNPATH_SEARCH_PATHS = "$(inherited) @executable_path/Frameworks";
				PRODUCT_NAME = "$(TARGET_NAME)";
			};
			name = Debug;
		};
		29368E211B825AFD0010FFCF /* Release */ = {
			isa = XCBuildConfiguration;
			buildSettings = {
				ASSETCATALOG_COMPILER_APPICON_NAME = AppIcon;
				INFOPLIST_FILE = DoReMi/Info.plist;
				LD_RUNPATH_SEARCH_PATHS = "$(inherited) @executable_path/Frameworks";
				PRODUCT_NAME = "$(TARGET_NAME)";
			};
			name = Release;
		};
		29368E231B825AFD0010FFCF /* Debug */ = {
			isa = XCBuildConfiguration;
			buildSettings = {
				BUNDLE_LOADER = "$(TEST_HOST)";
				FRAMEWORK_SEARCH_PATHS = (
					"$(SDKROOT)/Developer/Library/Frameworks",
					"$(inherited)",
				);
				GCC_PREPROCESSOR_DEFINITIONS = (
					"DEBUG=1",
					"$(inherited)",
				);
				INFOPLIST_FILE = DoReMiTests/Info.plist;
				LD_RUNPATH_SEARCH_PATHS = "$(inherited) @executable_path/Frameworks @loader_path/Frameworks";
				PRODUCT_NAME = "$(TARGET_NAME)";
				TEST_HOST = "$(BUILT_PRODUCTS_DIR)/DoReMi.app/DoReMi";
			};
			name = Debug;
		};
		29368E241B825AFD0010FFCF /* Release */ = {
			isa = XCBuildConfiguration;
			buildSettings = {
				BUNDLE_LOADER = "$(TEST_HOST)";
				FRAMEWORK_SEARCH_PATHS = (
					"$(SDKROOT)/Developer/Library/Frameworks",
					"$(inherited)",
				);
				INFOPLIST_FILE = DoReMiTests/Info.plist;
				LD_RUNPATH_SEARCH_PATHS = "$(inherited) @executable_path/Frameworks @loader_path/Frameworks";
				PRODUCT_NAME = "$(TARGET_NAME)";
				TEST_HOST = "$(BUILT_PRODUCTS_DIR)/DoReMi.app/DoReMi";
			};
			name = Release;
		};
/* End XCBuildConfiguration section */

/* Begin XCConfigurationList section */
		29368DFB1B825AFC0010FFCF /* Build configuration list for PBXProject "DoReMi" */ = {
			isa = XCConfigurationList;
			buildConfigurations = (
				29368E1D1B825AFD0010FFCF /* Debug */,
				29368E1E1B825AFD0010FFCF /* Release */,
			);
			defaultConfigurationIsVisible = 0;
			defaultConfigurationName = Release;
		};
		29368E1F1B825AFD0010FFCF /* Build configuration list for PBXNativeTarget "DoReMi" */ = {
			isa = XCConfigurationList;
			buildConfigurations = (
				29368E201B825AFD0010FFCF /* Debug */,
				29368E211B825AFD0010FFCF /* Release */,
			);
			defaultConfigurationIsVisible = 0;
		};
		29368E221B825AFD0010FFCF /* Build configuration list for PBXNativeTarget "DoReMiTests" */ = {
			isa = XCConfigurationList;
			buildConfigurations = (
				29368E231B825AFD0010FFCF /* Debug */,
				29368E241B825AFD0010FFCF /* Release */,
			);
			defaultConfigurationIsVisible = 0;
		};
/* End XCConfigurationList section */
	};
	rootObject = 29368DF81B825AFC0010FFCF /* Project object */;
}
