// !$*UTF8*$!
{
	archiveVersion = 1;
	classes = {
	};
	objectVersion = 46;
	objects = {

/* Begin PBXBuildFile section */
		29368DD81B825AB90010FFCF /* AppDelegate.swift in Sources */ = {isa = PBXBuildFile; fileRef = 29368DD71B825AB90010FFCF /* AppDelegate.swift */; };
		29368DDA1B825AB90010FFCF /* ViewController.swift in Sources */ = {isa = PBXBuildFile; fileRef = 29368DD91B825AB90010FFCF /* ViewController.swift */; };
		29368DDD1B825AB90010FFCF /* Main.storyboard in Resources */ = {isa = PBXBuildFile; fileRef = 29368DDB1B825AB90010FFCF /* Main.storyboard */; };
		29368DDF1B825AB90010FFCF /* Images.xcassets in Resources */ = {isa = PBXBuildFile; fileRef = 29368DDE1B825AB90010FFCF /* Images.xcassets */; };
		29368DE21B825AB90010FFCF /* LaunchScreen.xib in Resources */ = {isa = PBXBuildFile; fileRef = 29368DE01B825AB90010FFCF /* LaunchScreen.xib */; };
		29368DEE1B825AB90010FFCF /* DoReMeTests.swift in Sources */ = {isa = PBXBuildFile; fileRef = 29368DED1B825AB90010FFCF /* DoReMeTests.swift */; };
/* End PBXBuildFile section */

/* Begin PBXContainerItemProxy section */
		29368DE81B825AB90010FFCF /* PBXContainerItemProxy */ = {
			isa = PBXContainerItemProxy;
			containerPortal = 29368DCA1B825AB90010FFCF /* Project object */;
			proxyType = 1;
			remoteGlobalIDString = 29368DD11B825AB90010FFCF;
			remoteInfo = DoReMe;
		};
/* End PBXContainerItemProxy section */

/* Begin PBXFileReference section */
		29368DD21B825AB90010FFCF /* DoReMe.app */ = {isa = PBXFileReference; explicitFileType = wrapper.application; includeInIndex = 0; path = DoReMe.app; sourceTree = BUILT_PRODUCTS_DIR; };
		29368DD61B825AB90010FFCF /* Info.plist */ = {isa = PBXFileReference; lastKnownFileType = text.plist.xml; path = Info.plist; sourceTree = "<group>"; };
		29368DD71B825AB90010FFCF /* AppDelegate.swift */ = {isa = PBXFileReference; lastKnownFileType = sourcecode.swift; path = AppDelegate.swift; sourceTree = "<group>"; };
		29368DD91B825AB90010FFCF /* ViewController.swift */ = {isa = PBXFileReference; lastKnownFileType = sourcecode.swift; path = ViewController.swift; sourceTree = "<group>"; };
		29368DDC1B825AB90010FFCF /* Base */ = {isa = PBXFileReference; lastKnownFileType = file.storyboard; name = Base; path = Base.lproj/Main.storyboard; sourceTree = "<group>"; };
		29368DDE1B825AB90010FFCF /* Images.xcassets */ = {isa = PBXFileReference; lastKnownFileType = folder.assetcatalog; path = Images.xcassets; sourceTree = "<group>"; };
		29368DE11B825AB90010FFCF /* Base */ = {isa = PBXFileReference; lastKnownFileType = file.xib; name = Base; path = Base.lproj/LaunchScreen.xib; sourceTree = "<group>"; };
		29368DE71B825AB90010FFCF /* DoReMeTests.xctest */ = {isa = PBXFileReference; explicitFileType = wrapper.cfbundle; includeInIndex = 0; path = DoReMeTests.xctest; sourceTree = BUILT_PRODUCTS_DIR; };
		29368DEC1B825AB90010FFCF /* Info.plist */ = {isa = PBXFileReference; lastKnownFileType = text.plist.xml; path = Info.plist; sourceTree = "<group>"; };
		29368DED1B825AB90010FFCF /* DoReMeTests.swift */ = {isa = PBXFileReference; lastKnownFileType = sourcecode.swift; path = DoReMeTests.swift; sourceTree = "<group>"; };
/* End PBXFileReference section */

/* Begin PBXFrameworksBuildPhase section */
		29368DCF1B825AB90010FFCF /* Frameworks */ = {
			isa = PBXFrameworksBuildPhase;
			buildActionMask = 2147483647;
			files = (
			);
			runOnlyForDeploymentPostprocessing = 0;
		};
		29368DE41B825AB90010FFCF /* Frameworks */ = {
			isa = PBXFrameworksBuildPhase;
			buildActionMask = 2147483647;
			files = (
			);
			runOnlyForDeploymentPostprocessing = 0;
		};
/* End PBXFrameworksBuildPhase section */

/* Begin PBXGroup section */
		29368DC91B825AB90010FFCF = {
			isa = PBXGroup;
			children = (
				29368DD41B825AB90010FFCF /* DoReMe */,
				29368DEA1B825AB90010FFCF /* DoReMeTests */,
				29368DD31B825AB90010FFCF /* Products */,
			);
			sourceTree = "<group>";
		};
		29368DD31B825AB90010FFCF /* Products */ = {
			isa = PBXGroup;
			children = (
				29368DD21B825AB90010FFCF /* DoReMe.app */,
				29368DE71B825AB90010FFCF /* DoReMeTests.xctest */,
			);
			name = Products;
			sourceTree = "<group>";
		};
		29368DD41B825AB90010FFCF /* DoReMe */ = {
			isa = PBXGroup;
			children = (
				29368DD71B825AB90010FFCF /* AppDelegate.swift */,
				29368DD91B825AB90010FFCF /* ViewController.swift */,
				29368DDB1B825AB90010FFCF /* Main.storyboard */,
				29368DDE1B825AB90010FFCF /* Images.xcassets */,
				29368DE01B825AB90010FFCF /* LaunchScreen.xib */,
				29368DD51B825AB90010FFCF /* Supporting Files */,
			);
			path = DoReMe;
			sourceTree = "<group>";
		};
		29368DD51B825AB90010FFCF /* Supporting Files */ = {
			isa = PBXGroup;
			children = (
				29368DD61B825AB90010FFCF /* Info.plist */,
			);
			name = "Supporting Files";
			sourceTree = "<group>";
		};
		29368DEA1B825AB90010FFCF /* DoReMeTests */ = {
			isa = PBXGroup;
			children = (
				29368DED1B825AB90010FFCF /* DoReMeTests.swift */,
				29368DEB1B825AB90010FFCF /* Supporting Files */,
			);
			path = DoReMeTests;
			sourceTree = "<group>";
		};
		29368DEB1B825AB90010FFCF /* Supporting Files */ = {
			isa = PBXGroup;
			children = (
				29368DEC1B825AB90010FFCF /* Info.plist */,
			);
			name = "Supporting Files";
			sourceTree = "<group>";
		};
/* End PBXGroup section */

/* Begin PBXNativeTarget section */
		29368DD11B825AB90010FFCF /* DoReMe */ = {
			isa = PBXNativeTarget;
			buildConfigurationList = 29368DF11B825AB90010FFCF /* Build configuration list for PBXNativeTarget "DoReMe" */;
			buildPhases = (
				29368DCE1B825AB90010FFCF /* Sources */,
				29368DCF1B825AB90010FFCF /* Frameworks */,
				29368DD01B825AB90010FFCF /* Resources */,
			);
			buildRules = (
			);
			dependencies = (
			);
			name = DoReMe;
			productName = DoReMe;
			productReference = 29368DD21B825AB90010FFCF /* DoReMe.app */;
			productType = "com.apple.product-type.application";
		};
		29368DE61B825AB90010FFCF /* DoReMeTests */ = {
			isa = PBXNativeTarget;
			buildConfigurationList = 29368DF41B825AB90010FFCF /* Build configuration list for PBXNativeTarget "DoReMeTests" */;
			buildPhases = (
				29368DE31B825AB90010FFCF /* Sources */,
				29368DE41B825AB90010FFCF /* Frameworks */,
				29368DE51B825AB90010FFCF /* Resources */,
			);
			buildRules = (
			);
			dependencies = (
				29368DE91B825AB90010FFCF /* PBXTargetDependency */,
			);
			name = DoReMeTests;
			productName = DoReMeTests;
			productReference = 29368DE71B825AB90010FFCF /* DoReMeTests.xctest */;
			productType = "com.apple.product-type.bundle.unit-test";
		};
/* End PBXNativeTarget section */

/* Begin PBXProject section */
		29368DCA1B825AB90010FFCF /* Project object */ = {
			isa = PBXProject;
			attributes = {
				LastUpgradeCheck = 0640;
				ORGANIZATIONNAME = schifano;
				TargetAttributes = {
					29368DD11B825AB90010FFCF = {
						CreatedOnToolsVersion = 6.4;
					};
					29368DE61B825AB90010FFCF = {
						CreatedOnToolsVersion = 6.4;
						TestTargetID = 29368DD11B825AB90010FFCF;
					};
				};
			};
			buildConfigurationList = 29368DCD1B825AB90010FFCF /* Build configuration list for PBXProject "DoReMe" */;
			compatibilityVersion = "Xcode 3.2";
			developmentRegion = English;
			hasScannedForEncodings = 0;
			knownRegions = (
				en,
				Base,
			);
			mainGroup = 29368DC91B825AB90010FFCF;
			productRefGroup = 29368DD31B825AB90010FFCF /* Products */;
			projectDirPath = "";
			projectRoot = "";
			targets = (
				29368DD11B825AB90010FFCF /* DoReMe */,
				29368DE61B825AB90010FFCF /* DoReMeTests */,
			);
		};
/* End PBXProject section */

/* Begin PBXResourcesBuildPhase section */
		29368DD01B825AB90010FFCF /* Resources */ = {
			isa = PBXResourcesBuildPhase;
			buildActionMask = 2147483647;
			files = (
				29368DDD1B825AB90010FFCF /* Main.storyboard in Resources */,
				29368DE21B825AB90010FFCF /* LaunchScreen.xib in Resources */,
				29368DDF1B825AB90010FFCF /* Images.xcassets in Resources */,
			);
			runOnlyForDeploymentPostprocessing = 0;
		};
		29368DE51B825AB90010FFCF /* Resources */ = {
			isa = PBXResourcesBuildPhase;
			buildActionMask = 2147483647;
			files = (
			);
			runOnlyForDeploymentPostprocessing = 0;
		};
/* End PBXResourcesBuildPhase section */

/* Begin PBXSourcesBuildPhase section */
		29368DCE1B825AB90010FFCF /* Sources */ = {
			isa = PBXSourcesBuildPhase;
			buildActionMask = 2147483647;
			files = (
				29368DDA1B825AB90010FFCF /* ViewController.swift in Sources */,
				29368DD81B825AB90010FFCF /* AppDelegate.swift in Sources */,
			);
			runOnlyForDeploymentPostprocessing = 0;
		};
		29368DE31B825AB90010FFCF /* Sources */ = {
			isa = PBXSourcesBuildPhase;
			buildActionMask = 2147483647;
			files = (
				29368DEE1B825AB90010FFCF /* DoReMeTests.swift in Sources */,
			);
			runOnlyForDeploymentPostprocessing = 0;
		};
/* End PBXSourcesBuildPhase section */

/* Begin PBXTargetDependency section */
		29368DE91B825AB90010FFCF /* PBXTargetDependency */ = {
			isa = PBXTargetDependency;
			target = 29368DD11B825AB90010FFCF /* DoReMe */;
			targetProxy = 29368DE81B825AB90010FFCF /* PBXContainerItemProxy */;
		};
/* End PBXTargetDependency section */

/* Begin PBXVariantGroup section */
		29368DDB1B825AB90010FFCF /* Main.storyboard */ = {
			isa = PBXVariantGroup;
			children = (
				29368DDC1B825AB90010FFCF /* Base */,
			);
			name = Main.storyboard;
			sourceTree = "<group>";
		};
		29368DE01B825AB90010FFCF /* LaunchScreen.xib */ = {
			isa = PBXVariantGroup;
			children = (
				29368DE11B825AB90010FFCF /* Base */,
			);
			name = LaunchScreen.xib;
			sourceTree = "<group>";
		};
/* End PBXVariantGroup section */

/* Begin XCBuildConfiguration section */
		29368DEF1B825AB90010FFCF /* Debug */ = {
			isa = XCBuildConfiguration;
			buildSettings = {
				ALWAYS_SEARCH_USER_PATHS = NO;
				CLANG_CXX_LANGUAGE_STANDARD = "gnu++0x";
				CLANG_CXX_LIBRARY = "libc++";
				CLANG_ENABLE_MODULES = YES;
				CLANG_ENABLE_OBJC_ARC = YES;
				CLANG_WARN_BOOL_CONVERSION = YES;
				CLANG_WARN_CONSTANT_CONVERSION = YES;
				CLANG_WARN_DIRECT_OBJC_ISA_USAGE = YES_ERROR;
				CLANG_WARN_EMPTY_BODY = YES;
				CLANG_WARN_ENUM_CONVERSION = YES;
				CLANG_WARN_INT_CONVERSION = YES;
				CLANG_WARN_OBJC_ROOT_CLASS = YES_ERROR;
				CLANG_WARN_UNREACHABLE_CODE = YES;
				CLANG_WARN__DUPLICATE_METHOD_MATCH = YES;
				"CODE_SIGN_IDENTITY[sdk=iphoneos*]" = "iPhone Developer";
				COPY_PHASE_STRIP = NO;
				DEBUG_INFORMATION_FORMAT = "dwarf-with-dsym";
				ENABLE_STRICT_OBJC_MSGSEND = YES;
				GCC_C_LANGUAGE_STANDARD = gnu99;
				GCC_DYNAMIC_NO_PIC = NO;
				GCC_NO_COMMON_BLOCKS = YES;
				GCC_OPTIMIZATION_LEVEL = 0;
				GCC_PREPROCESSOR_DEFINITIONS = (
					"DEBUG=1",
					"$(inherited)",
				);
				GCC_SYMBOLS_PRIVATE_EXTERN = NO;
				GCC_WARN_64_TO_32_BIT_CONVERSION = YES;
				GCC_WARN_ABOUT_RETURN_TYPE = YES_ERROR;
				GCC_WARN_UNDECLARED_SELECTOR = YES;
				GCC_WARN_UNINITIALIZED_AUTOS = YES_AGGRESSIVE;
				GCC_WARN_UNUSED_FUNCTION = YES;
				GCC_WARN_UNUSED_VARIABLE = YES;
				IPHONEOS_DEPLOYMENT_TARGET = 8.4;
				MTL_ENABLE_DEBUG_INFO = YES;
				ONLY_ACTIVE_ARCH = YES;
				SDKROOT = iphoneos;
				SWIFT_OPTIMIZATION_LEVEL = "-Onone";
			};
			name = Debug;
		};
		29368DF01B825AB90010FFCF /* Release */ = {
			isa = XCBuildConfiguration;
			buildSettings = {
				ALWAYS_SEARCH_USER_PATHS = NO;
				CLANG_CXX_LANGUAGE_STANDARD = "gnu++0x";
				CLANG_CXX_LIBRARY = "libc++";
				CLANG_ENABLE_MODULES = YES;
				CLANG_ENABLE_OBJC_ARC = YES;
				CLANG_WARN_BOOL_CONVERSION = YES;
				CLANG_WARN_CONSTANT_CONVERSION = YES;
				CLANG_WARN_DIRECT_OBJC_ISA_USAGE = YES_ERROR;
				CLANG_WARN_EMPTY_BODY = YES;
				CLANG_WARN_ENUM_CONVERSION = YES;
				CLANG_WARN_INT_CONVERSION = YES;
				CLANG_WARN_OBJC_ROOT_CLASS = YES_ERROR;
				CLANG_WARN_UNREACHABLE_CODE = YES;
				CLANG_WARN__DUPLICATE_METHOD_MATCH = YES;
				"CODE_SIGN_IDENTITY[sdk=iphoneos*]" = "iPhone Developer";
				COPY_PHASE_STRIP = NO;
				DEBUG_INFORMATION_FORMAT = "dwarf-with-dsym";
				ENABLE_NS_ASSERTIONS = NO;
				ENABLE_STRICT_OBJC_MSGSEND = YES;
				GCC_C_LANGUAGE_STANDARD = gnu99;
				GCC_NO_COMMON_BLOCKS = YES;
				GCC_WARN_64_TO_32_BIT_CONVERSION = YES;
				GCC_WARN_ABOUT_RETURN_TYPE = YES_ERROR;
				GCC_WARN_UNDECLARED_SELECTOR = YES;
				GCC_WARN_UNINITIALIZED_AUTOS = YES_AGGRESSIVE;
				GCC_WARN_UNUSED_FUNCTION = YES;
				GCC_WARN_UNUSED_VARIABLE = YES;
				IPHONEOS_DEPLOYMENT_TARGET = 8.4;
				MTL_ENABLE_DEBUG_INFO = NO;
				SDKROOT = iphoneos;
				VALIDATE_PRODUCT = YES;
			};
			name = Release;
		};
		29368DF21B825AB90010FFCF /* Debug */ = {
			isa = XCBuildConfiguration;
			buildSettings = {
				ASSETCATALOG_COMPILER_APPICON_NAME = AppIcon;
				INFOPLIST_FILE = DoReMe/Info.plist;
				LD_RUNPATH_SEARCH_PATHS = "$(inherited) @executable_path/Frameworks";
				PRODUCT_NAME = "$(TARGET_NAME)";
			};
			name = Debug;
		};
		29368DF31B825AB90010FFCF /* Release */ = {
			isa = XCBuildConfiguration;
			buildSettings = {
				ASSETCATALOG_COMPILER_APPICON_NAME = AppIcon;
				INFOPLIST_FILE = DoReMe/Info.plist;
				LD_RUNPATH_SEARCH_PATHS = "$(inherited) @executable_path/Frameworks";
				PRODUCT_NAME = "$(TARGET_NAME)";
			};
			name = Release;
		};
		29368DF51B825AB90010FFCF /* Debug */ = {
			isa = XCBuildConfiguration;
			buildSettings = {
				BUNDLE_LOADER = "$(TEST_HOST)";
				FRAMEWORK_SEARCH_PATHS = (
					"$(SDKROOT)/Developer/Library/Frameworks",
					"$(inherited)",
				);
				GCC_PREPROCESSOR_DEFINITIONS = (
					"DEBUG=1",
					"$(inherited)",
				);
				INFOPLIST_FILE = DoReMeTests/Info.plist;
				LD_RUNPATH_SEARCH_PATHS = "$(inherited) @executable_path/Frameworks @loader_path/Frameworks";
				PRODUCT_NAME = "$(TARGET_NAME)";
				TEST_HOST = "$(BUILT_PRODUCTS_DIR)/DoReMe.app/DoReMe";
			};
			name = Debug;
		};
		29368DF61B825AB90010FFCF /* Release */ = {
			isa = XCBuildConfiguration;
			buildSettings = {
				BUNDLE_LOADER = "$(TEST_HOST)";
				FRAMEWORK_SEARCH_PATHS = (
					"$(SDKROOT)/Developer/Library/Frameworks",
					"$(inherited)",
				);
				INFOPLIST_FILE = DoReMeTests/Info.plist;
				LD_RUNPATH_SEARCH_PATHS = "$(inherited) @executable_path/Frameworks @loader_path/Frameworks";
				PRODUCT_NAME = "$(TARGET_NAME)";
				TEST_HOST = "$(BUILT_PRODUCTS_DIR)/DoReMe.app/DoReMe";
			};
			name = Release;
		};
/* End XCBuildConfiguration section */

/* Begin XCConfigurationList section */
		29368DCD1B825AB90010FFCF /* Build configuration list for PBXProject "DoReMe" */ = {
			isa = XCConfigurationList;
			buildConfigurations = (
				29368DEF1B825AB90010FFCF /* Debug */,
				29368DF01B825AB90010FFCF /* Release */,
			);
			defaultConfigurationIsVisible = 0;
			defaultConfigurationName = Release;
		};
		29368DF11B825AB90010FFCF /* Build configuration list for PBXNativeTarget "DoReMe" */ = {
			isa = XCConfigurationList;
			buildConfigurations = (
				29368DF21B825AB90010FFCF /* Debug */,
				29368DF31B825AB90010FFCF /* Release */,
			);
			defaultConfigurationIsVisible = 0;
		};
		29368DF41B825AB90010FFCF /* Build configuration list for PBXNativeTarget "DoReMeTests" */ = {
			isa = XCConfigurationList;
			buildConfigurations = (
				29368DF51B825AB90010FFCF /* Debug */,
				29368DF61B825AB90010FFCF /* Release */,
			);
			defaultConfigurationIsVisible = 0;
		};
/* End XCConfigurationList section */
	};
	rootObject = 29368DCA1B825AB90010FFCF /* Project object */;
}
